
Microsoft Visual Studio Solution File, Format Version 12.00
# Visual Studio Version 17
VisualStudioVersion = 17.5.2.0
MinimumVisualStudioVersion = 10.0.40219.1
Project("{FAE04EC0-301F-11D3-BF4B-00C04F79EFBC}") = "ShopInventory", "ShopInventory\ShopInventory.csproj", "{C7224489-E60B-9836-7765-EF1A3A6EBEE2}"
EndProject
Project("{FAE04EC0-301F-11D3-BF4B-00C04F79EFBC}") = "ShopInventory.Web", "ShopInventory.Web\ShopInventory.Web.csproj", "{DB675254-E2FF-4479-8C89-487048393644}"
EndProject
Global
	GlobalSection(SolutionConfigurationPlatforms) = preSolution
		Debug|Any CPU = Debug|Any CPU
		Debug|x64 = Debug|x64
		Debug|x86 = Debug|x86
		Release|Any CPU = Release|Any CPU
		Release|x64 = Release|x64
		Release|x86 = Release|x86
	EndGlobalSection
	GlobalSection(ProjectConfigurationPlatforms) = postSolution
		{C7224489-E60B-9836-7765-EF1A3A6EBEE2}.Debug|Any CPU.ActiveCfg = Debug|Any CPU
		{C7224489-E60B-9836-7765-EF1A3A6EBEE2}.Debug|Any CPU.Build.0 = Debug|Any CPU
		{C7224489-E60B-9836-7765-EF1A3A6EBEE2}.Debug|x64.ActiveCfg = Debug|Any CPU
		{C7224489-E60B-9836-7765-EF1A3A6EBEE2}.Debug|x64.Build.0 = Debug|Any CPU
		{C7224489-E60B-9836-7765-EF1A3A6EBEE2}.Debug|x86.ActiveCfg = Debug|Any CPU
		{C7224489-E60B-9836-7765-EF1A3A6EBEE2}.Debug|x86.Build.0 = Debug|Any CPU
		{C7224489-E60B-9836-7765-EF1A3A6EBEE2}.Release|Any CPU.ActiveCfg = Release|Any CPU
		{C7224489-E60B-9836-7765-EF1A3A6EBEE2}.Release|Any CPU.Build.0 = Release|Any CPU
		{C7224489-E60B-9836-7765-EF1A3A6EBEE2}.Release|x64.ActiveCfg = Release|Any CPU
		{C7224489-E60B-9836-7765-EF1A3A6EBEE2}.Release|x64.Build.0 = Release|Any CPU
		{C7224489-E60B-9836-7765-EF1A3A6EBEE2}.Release|x86.ActiveCfg = Release|Any CPU
		{C7224489-E60B-9836-7765-EF1A3A6EBEE2}.Release|x86.Build.0 = Release|Any CPU
		{DB675254-E2FF-4479-8C89-487048393644}.Debug|Any CPU.ActiveCfg = Debug|Any CPU
		{DB675254-E2FF-4479-8C89-487048393644}.Debug|Any CPU.Build.0 = Debug|Any CPU
		{DB675254-E2FF-4479-8C89-487048393644}.Debug|x64.ActiveCfg = Debug|Any CPU
		{DB675254-E2FF-4479-8C89-487048393644}.Debug|x64.Build.0 = Debug|Any CPU
		{DB675254-E2FF-4479-8C89-487048393644}.Debug|x86.ActiveCfg = Debug|Any CPU
		{DB675254-E2FF-4479-8C89-487048393644}.Debug|x86.Build.0 = Debug|Any CPU
		{DB675254-E2FF-4479-8C89-487048393644}.Release|Any CPU.ActiveCfg = Release|Any CPU
		{DB675254-E2FF-4479-8C89-487048393644}.Release|Any CPU.Build.0 = Release|Any CPU
		{DB675254-E2FF-4479-8C89-487048393644}.Release|x64.ActiveCfg = Release|Any CPU
		{DB675254-E2FF-4479-8C89-487048393644}.Release|x64.Build.0 = Release|Any CPU
		{DB675254-E2FF-4479-8C89-487048393644}.Release|x86.ActiveCfg = Release|Any CPU
		{DB675254-E2FF-4479-8C89-487048393644}.Release|x86.Build.0 = Release|Any CPU
	EndGlobalSection
	GlobalSection(SolutionProperties) = preSolution
		HideSolutionNode = FALSE
	EndGlobalSection
	GlobalSection(ExtensibilityGlobals) = postSolution
		SolutionGuid = {D4D4FFE7-25B9-43E6-B349-1F3C4F18D7D7}
	EndGlobalSection
EndGlobal
